
Microsoft Visual Studio Solution File, Format Version 12.00
# Visual Studio Version 17
VisualStudioVersion = 17.5.33516.290
MinimumVisualStudioVersion = 10.0.40219.1
Project("{8BC9CEB8-8B4A-11D0-8D11-00A0C91BC942}") = "tutorial1.0_Viewer", "tutorial1.0_Viewer\tutorial1.0_Viewer.vcxproj", "{795A6373-F985-4C9A-B84D-30984B02B24B}"
EndProject
Project("{8BC9CEB8-8B4A-11D0-8D11-00A0C91BC942}") = "tutorial1.1_Geode", "tutorial1.1_Geode\tutorial1.1_Geode.vcxproj", "{C3330A9B-CA9B-44DA-8AD2-405298936CFC}"
EndProject
Project("{8BC9CEB8-8B4A-11D0-8D11-00A0C91BC942}") = "tutorial1.2_Matrix", "tutorial1.2_Matrix\tutorial1.2_Matrix.vcxproj", "{8FF1A5CB-DF71-450E-8927-1FC49F69C38F}"
EndProject
Project("{8BC9CEB8-8B4A-11D0-8D11-00A0C91BC942}") = "tutorial1.3_NodeMatrix", "tutorial1.3_NodeMatrix\tutorial1.3_NodeMatrix.vcxproj", "{146246AD-9879-47B3-9930-9DC058F90293}"
EndProject
Project("{8BC9CEB8-8B4A-11D0-8D11-00A0C91BC942}") = "tutorial1.4_Travel", "tutorial1.4_Travel\tutorial1.4_Travel.vcxproj", "{558B4543-9081-4CCC-A455-A25E12ED6B94}"
EndProject
Project("{8BC9CEB8-8B4A-11D0-8D11-00A0C91BC942}") = "tutorial1.5_osgVR", "tutorial1.5_osgVR\tutorial1.5_osgVR.vcxproj", "{5364AE4F-0889-47CA-ADFF-68777CC620EB}"
EndProject
Project("{8BC9CEB8-8B4A-11D0-8D11-00A0C91BC942}") = "tutorial3.0_osgBillboard", "tutorial3.0_osgBillboard\tutorial3.0_osgBillboard.vcxproj", "{48674A74-0475-4031-A9A3-200CE75BDC66}"
EndProject
Project("{8BC9CEB8-8B4A-11D0-8D11-00A0C91BC942}") = "tutorial3.1_osgPositionAttitudeTransform", "tutorial3.1_osgPositionAttitudeTransform\tutorial3.1_osgPositionAttitudeTransform.vcxproj", "{E6ED4D39-4FC2-4855-83C9-CF2D2815EE4E}"
EndProject
Project("{8BC9CEB8-8B4A-11D0-8D11-00A0C91BC942}") = "tutorial3.2_osgMatrixTransform", "tutorial3.2_osgMatrixTransform\tutorial3.2_osgMatrixTransform.vcxproj", "{0D21BC2D-B61D-42EA-AA89-1E60169CBD38}"
EndProject
Project("{8BC9CEB8-8B4A-11D0-8D11-00A0C91BC942}") = "tutorial3.3_osgAutoTransform", "tutorial3.3_osgAutoTransform\tutorial3.3_osgAutoTransform.vcxproj", "{830742BD-0928-43C1-AA91-120325614C72}"
EndProject
Project("{8BC9CEB8-8B4A-11D0-8D11-00A0C91BC942}") = "tutorial3.4_osgSwitch", "tutorial3.4_osgSwitch\tutorial3.4_osgSwitch.vcxproj", "{8930603F-C1D1-43F7-9A98-57942DC3EEA9}"
EndProject
Project("{8BC9CEB8-8B4A-11D0-8D11-00A0C91BC942}") = "tutorial3.5_osgLOD", "tutorial3.5_osgLOD\tutorial3.5_osgLOD.vcxproj", "{6F82FDC4-64DC-4900-92C9-74BD4B6DE917}"
EndProject
Project("{8BC9CEB8-8B4A-11D0-8D11-00A0C91BC942}") = "tutorial3.6_osgPagedLOD", "tutorial3.6_osgPagedLOD\tutorial3.6_osgPagedLOD.vcxproj", "{0BA465FE-669A-4B27-A416-A0DBAD393734}"
EndProject
Project("{8BC9CEB8-8B4A-11D0-8D11-00A0C91BC942}") = "tutorial3.7_osgSimImpostor", "tutorial3.7_osgSimImpostor\tutorial3.7_osgSimImpostor.vcxproj", "{C24AC6E2-88A5-4D8E-BFD1-E2B3A3BF589A}"
EndProject
Project("{8BC9CEB8-8B4A-11D0-8D11-00A0C91BC942}") = "tutorial3.8_osgOccluderNode", "tutorial3.8_osgOccluderNode\tutorial3.8_osgOccluderNode.vcxproj", "{1297EAC0-8DE4-4042-BD32-4168FD0D5E08}"
EndProject
Project("{8BC9CEB8-8B4A-11D0-8D11-00A0C91BC942}") = "tutorial3.9_osgCoordinateSystemNode", "tutorial3.9_osgCoordinateSystemNode\tutorial3.9_osgCoordinateSystemNode.vcxproj", "{77907F9B-1F5A-45AD-998F-F1DDEFA740FF}"
EndProject
Project("{8BC9CEB8-8B4A-11D0-8D11-00A0C91BC942}") = "tutorial3.10_osgCopyOp", "tutorial3.10_osgCopyOp\tutorial3.10_osgCopyOp.vcxproj", "{58DA5ED9-9E9E-4F23-93CA-F76BCFCD0798}"
EndProject
Project("{8BC9CEB8-8B4A-11D0-8D11-00A0C91BC942}") = "tutorial3.11_osgCopyOp", "tutorial3.11_osgCopyOp\tutorial3.11_osgCopyOp.vcxproj", "{18AC3340-1EA6-4332-BB6B-3425E68D60F2}"
EndProject
Project("{2150E333-8FDC-42A3-9474-1A3956D46DE8}") = "chapter01", "chapter01", "{09709505-2876-41CD-A3F3-7EAFC7E743EA}"
EndProject
Project("{2150E333-8FDC-42A3-9474-1A3956D46DE8}") = "chapter03", "chapter03", "{2117E449-1844-41F0-A0E5-14F5380F67F8}"
EndProject
Project("{2150E333-8FDC-42A3-9474-1A3956D46DE8}") = "chapter04", "chapter04", "{D0434526-4E93-491F-8A6F-0337BFBFD9C0}"
EndProject
Project("{8BC9CEB8-8B4A-11D0-8D11-00A0C91BC942}") = "tutorial4.1_osgGeometry", "tutorial4.1_osgGeometry\tutorial4.1_osgGeometry.vcxproj", "{D5B79F34-C72A-49D1-AD43-CF43895AB030}"
EndProject
Project("{8BC9CEB8-8B4A-11D0-8D11-00A0C91BC942}") = "tutorial4.2_osgDrawElementsUInt", "tutorial4.2_osgDrawElementsUInt\tutorial4.2_osgDrawElementsUInt.vcxproj", "{94FE338D-B170-4AA2-AB99-CAE67881B194}"
EndProject
Project("{8BC9CEB8-8B4A-11D0-8D11-00A0C91BC942}") = "tutorial4.3_osgShapeDrawable", "tutorial4.3_osgShapeDrawable\tutorial4.3_osgShapeDrawable.vcxproj", "{3B8F38AF-C83F-470F-8093-B08D4EBE7BB2}"
EndProject
Project("{8BC9CEB8-8B4A-11D0-8D11-00A0C91BC942}") = "tutorial4.4_osgTessellator", "tutorial4.4_osgTessellator\tutorial4.4_osgTessellator.vcxproj", "{C916B9AC-E91E-4DB9-9CD0-D886A1900189}"
EndProject
Project("{8BC9CEB8-8B4A-11D0-8D11-00A0C91BC942}") = "tutorial4.5_osgSimplifier", "tutorial4.5_osgSimplifier\tutorial4.5_osgSimplifier.vcxproj", "{045B4F09-B012-41AC-8052-63D967D1C13F}"
EndProject
Project("{8BC9CEB8-8B4A-11D0-8D11-00A0C91BC942}") = "tutorial4.6_osgDelaunayTriangulator", "tutorial4.6_osgDelaunayTriangulator\tutorial4.6_osgDelaunayTriangulator.vcxproj", "{93A80ABC-2C9E-4AC7-AED6-65B051EE4124}"
EndProject
Project("{8BC9CEB8-8B4A-11D0-8D11-00A0C91BC942}") = "tutorial4.7_osgTriStripVisitor", "tutorial4.7_osgTriStripVisitor\tutorial4.7_osgTriStripVisitor.vcxproj", "{BE8E5AFA-52CD-4C52-8620-804DAD50A428}"
EndProject
Project("{8BC9CEB8-8B4A-11D0-8D11-00A0C91BC942}") = "tutorial4.8_osgSmoothingVisitor", "tutorial4.8_osgSmoothingVisitor\tutorial4.8_osgSmoothingVisitor.vcxproj", "{D03071F1-0116-4815-83FE-3815D63BE849}"
EndProject
Project("{2150E333-8FDC-42A3-9474-1A3956D46DE8}") = "chapter05", "chapter05", "{A3F3A21F-7DBE-478E-A91C-75BADE33C752}"
EndProject
Project("{8BC9CEB8-8B4A-11D0-8D11-00A0C91BC942}") = "tutorial5.0_osgClipeNode", "tutorial5.0_osgClipeNode\tutorial5.0_osgClipeNode.vcxproj", "{DED8B4D3-13C7-4D35-9F71-05A7793849BD}"
EndProject
Project("{8BC9CEB8-8B4A-11D0-8D11-00A0C91BC942}") = "tutorial5.1_osgTexture2D", "tutorial5.1_osgTexture2D\tutorial5.1_osgTexture2D.vcxproj", "{06B92B6F-F381-46A6-979A-5FA03AD8F5A6}"
EndProject
Project("{8BC9CEB8-8B4A-11D0-8D11-00A0C91BC942}") = "tutorial5.2_osgTexture2D", "tutorial5.2_osgTexture2D\tutorial5.2_osgTexture2D.vcxproj", "{8FB01AFE-DCE2-45DC-9D18-20972CC2306D}"
EndProject
Project("{8BC9CEB8-8B4A-11D0-8D11-00A0C91BC942}") = "tutorial5.3_osgMipmap", "tutorial5.3_osgMipmap\tutorial5.3_osgMipmap.vcxproj", "{E7CDDBB9-E770-4CA4-8A48-83C1C9039DCB}"
EndProject
Project("{8BC9CEB8-8B4A-11D0-8D11-00A0C91BC942}") = "tutorial5.4_osgTextureRectangle", "tutorial5.4_osgTextureRectangle\tutorial5.4_osgTextureRectangle.vcxproj", "{9DBC9439-4507-4B8F-978C-DC540CCCFB86}"
EndProject
Project("{8BC9CEB8-8B4A-11D0-8D11-00A0C91BC942}") = "tutorial5.5_osgTexGen", "tutorial5.5_osgTexGen\tutorial5.5_osgTexGen.vcxproj", "{2227E47D-01A2-49C0-8742-71221E5D8573}"
EndProject
Project("{8BC9CEB8-8B4A-11D0-8D11-00A0C91BC942}") = "tutorial5.6_osgTexCoordGenerator", "tutorial5.6_osgTexCoordGenerator\tutorial5.6_osgTexCoordGenerator.vcxproj", "{62BAAB0E-EFD0-47C3-879C-58775A6E4C9C}"
EndProject
Project("{8BC9CEB8-8B4A-11D0-8D11-00A0C91BC942}") = "tutorial5.7_osgTextureCubeMap", "tutorial5.7_osgTextureCubeMap\tutorial5.7_osgTextureCubeMap.vcxproj", "{A8350C3F-3A3C-406B-AAB8-2BF47B7A5145}"
EndProject
Project("{8BC9CEB8-8B4A-11D0-8D11-00A0C91BC942}") = "tutorial5.8_osgRenderToTexture", "tutorial5.8_osgRenderToTexture\tutorial5.8_osgRenderToTexture.vcxproj", "{2C9A2F78-8BCC-432E-9421-7B8EC4827101}"
EndProject
Project("{8BC9CEB8-8B4A-11D0-8D11-00A0C91BC942}") = "tutorial5.9_osgTexture1D", "tutorial5.9_osgTexture1D\tutorial5.9_osgTexture1D.vcxproj", "{81792394-7302-4785-B620-5484B9916612}"
EndProject
Project("{8BC9CEB8-8B4A-11D0-8D11-00A0C91BC942}") = "tutorial5.10_osgTexture3D", "tutorial5.10_osgTexture3D\tutorial5.10_osgTexture3D.vcxproj", "{6EA3658D-0337-4A41-868E-F73132992F5A}"
EndProject
Global
	GlobalSection(SolutionConfigurationPlatforms) = preSolution
		Debug|x64 = Debug|x64
		Debug|x86 = Debug|x86
		Release|x64 = Release|x64
		Release|x86 = Release|x86
	EndGlobalSection
	GlobalSection(ProjectConfigurationPlatforms) = postSolution
		{795A6373-F985-4C9A-B84D-30984B02B24B}.Debug|x64.ActiveCfg = Debug|x64
		{795A6373-F985-4C9A-B84D-30984B02B24B}.Debug|x64.Build.0 = Debug|x64
		{795A6373-F985-4C9A-B84D-30984B02B24B}.Debug|x86.ActiveCfg = Debug|Win32
		{795A6373-F985-4C9A-B84D-30984B02B24B}.Debug|x86.Build.0 = Debug|Win32
		{795A6373-F985-4C9A-B84D-30984B02B24B}.Release|x64.ActiveCfg = Release|x64
		{795A6373-F985-4C9A-B84D-30984B02B24B}.Release|x64.Build.0 = Release|x64
		{795A6373-F985-4C9A-B84D-30984B02B24B}.Release|x86.ActiveCfg = Release|Win32
		{795A6373-F985-4C9A-B84D-30984B02B24B}.Release|x86.Build.0 = Release|Win32
		{C3330A9B-CA9B-44DA-8AD2-405298936CFC}.Debug|x64.ActiveCfg = Debug|x64
		{C3330A9B-CA9B-44DA-8AD2-405298936CFC}.Debug|x64.Build.0 = Debug|x64
		{C3330A9B-CA9B-44DA-8AD2-405298936CFC}.Debug|x86.ActiveCfg = Debug|Win32
		{C3330A9B-CA9B-44DA-8AD2-405298936CFC}.Debug|x86.Build.0 = Debug|Win32
		{C3330A9B-CA9B-44DA-8AD2-405298936CFC}.Release|x64.ActiveCfg = Release|x64
		{C3330A9B-CA9B-44DA-8AD2-405298936CFC}.Release|x64.Build.0 = Release|x64
		{C3330A9B-CA9B-44DA-8AD2-405298936CFC}.Release|x86.ActiveCfg = Release|Win32
		{C3330A9B-CA9B-44DA-8AD2-405298936CFC}.Release|x86.Build.0 = Release|Win32
		{8FF1A5CB-DF71-450E-8927-1FC49F69C38F}.Debug|x64.ActiveCfg = Debug|x64
		{8FF1A5CB-DF71-450E-8927-1FC49F69C38F}.Debug|x64.Build.0 = Debug|x64
		{8FF1A5CB-DF71-450E-8927-1FC49F69C38F}.Debug|x86.ActiveCfg = Debug|Win32
		{8FF1A5CB-DF71-450E-8927-1FC49F69C38F}.Debug|x86.Build.0 = Debug|Win32
		{8FF1A5CB-DF71-450E-8927-1FC49F69C38F}.Release|x64.ActiveCfg = Release|x64
		{8FF1A5CB-DF71-450E-8927-1FC49F69C38F}.Release|x64.Build.0 = Release|x64
		{8FF1A5CB-DF71-450E-8927-1FC49F69C38F}.Release|x86.ActiveCfg = Release|Win32
		{8FF1A5CB-DF71-450E-8927-1FC49F69C38F}.Release|x86.Build.0 = Release|Win32
		{146246AD-9879-47B3-9930-9DC058F90293}.Debug|x64.ActiveCfg = Debug|x64
		{146246AD-9879-47B3-9930-9DC058F90293}.Debug|x64.Build.0 = Debug|x64
		{146246AD-9879-47B3-9930-9DC058F90293}.Debug|x86.ActiveCfg = Debug|Win32
		{146246AD-9879-47B3-9930-9DC058F90293}.Debug|x86.Build.0 = Debug|Win32
		{146246AD-9879-47B3-9930-9DC058F90293}.Release|x64.ActiveCfg = Release|x64
		{146246AD-9879-47B3-9930-9DC058F90293}.Release|x64.Build.0 = Release|x64
		{146246AD-9879-47B3-9930-9DC058F90293}.Release|x86.ActiveCfg = Release|Win32
		{146246AD-9879-47B3-9930-9DC058F90293}.Release|x86.Build.0 = Release|Win32
		{558B4543-9081-4CCC-A455-A25E12ED6B94}.Debug|x64.ActiveCfg = Debug|x64
		{558B4543-9081-4CCC-A455-A25E12ED6B94}.Debug|x64.Build.0 = Debug|x64
		{558B4543-9081-4CCC-A455-A25E12ED6B94}.Debug|x86.ActiveCfg = Debug|Win32
		{558B4543-9081-4CCC-A455-A25E12ED6B94}.Debug|x86.Build.0 = Debug|Win32
		{558B4543-9081-4CCC-A455-A25E12ED6B94}.Release|x64.ActiveCfg = Release|x64
		{558B4543-9081-4CCC-A455-A25E12ED6B94}.Release|x64.Build.0 = Release|x64
		{558B4543-9081-4CCC-A455-A25E12ED6B94}.Release|x86.ActiveCfg = Release|Win32
		{558B4543-9081-4CCC-A455-A25E12ED6B94}.Release|x86.Build.0 = Release|Win32
		{5364AE4F-0889-47CA-ADFF-68777CC620EB}.Debug|x64.ActiveCfg = Debug|x64
		{5364AE4F-0889-47CA-ADFF-68777CC620EB}.Debug|x64.Build.0 = Debug|x64
		{5364AE4F-0889-47CA-ADFF-68777CC620EB}.Debug|x86.ActiveCfg = Debug|Win32
		{5364AE4F-0889-47CA-ADFF-68777CC620EB}.Debug|x86.Build.0 = Debug|Win32
		{5364AE4F-0889-47CA-ADFF-68777CC620EB}.Release|x64.ActiveCfg = Release|x64
		{5364AE4F-0889-47CA-ADFF-68777CC620EB}.Release|x64.Build.0 = Release|x64
		{5364AE4F-0889-47CA-ADFF-68777CC620EB}.Release|x86.ActiveCfg = Release|Win32
		{5364AE4F-0889-47CA-ADFF-68777CC620EB}.Release|x86.Build.0 = Release|Win32
		{48674A74-0475-4031-A9A3-200CE75BDC66}.Debug|x64.ActiveCfg = Debug|x64
		{48674A74-0475-4031-A9A3-200CE75BDC66}.Debug|x64.Build.0 = Debug|x64
		{48674A74-0475-4031-A9A3-200CE75BDC66}.Debug|x86.ActiveCfg = Debug|Win32
		{48674A74-0475-4031-A9A3-200CE75BDC66}.Debug|x86.Build.0 = Debug|Win32
		{48674A74-0475-4031-A9A3-200CE75BDC66}.Release|x64.ActiveCfg = Release|x64
		{48674A74-0475-4031-A9A3-200CE75BDC66}.Release|x64.Build.0 = Release|x64
		{48674A74-0475-4031-A9A3-200CE75BDC66}.Release|x86.ActiveCfg = Release|Win32
		{48674A74-0475-4031-A9A3-200CE75BDC66}.Release|x86.Build.0 = Release|Win32
		{E6ED4D39-4FC2-4855-83C9-CF2D2815EE4E}.Debug|x64.ActiveCfg = Debug|x64
		{E6ED4D39-4FC2-4855-83C9-CF2D2815EE4E}.Debug|x64.Build.0 = Debug|x64
		{E6ED4D39-4FC2-4855-83C9-CF2D2815EE4E}.Debug|x86.ActiveCfg = Debug|Win32
		{E6ED4D39-4FC2-4855-83C9-CF2D2815EE4E}.Debug|x86.Build.0 = Debug|Win32
		{E6ED4D39-4FC2-4855-83C9-CF2D2815EE4E}.Release|x64.ActiveCfg = Release|x64
		{E6ED4D39-4FC2-4855-83C9-CF2D2815EE4E}.Release|x64.Build.0 = Release|x64
		{E6ED4D39-4FC2-4855-83C9-CF2D2815EE4E}.Release|x86.ActiveCfg = Release|Win32
		{E6ED4D39-4FC2-4855-83C9-CF2D2815EE4E}.Release|x86.Build.0 = Release|Win32
		{0D21BC2D-B61D-42EA-AA89-1E60169CBD38}.Debug|x64.ActiveCfg = Debug|x64
		{0D21BC2D-B61D-42EA-AA89-1E60169CBD38}.Debug|x64.Build.0 = Debug|x64
		{0D21BC2D-B61D-42EA-AA89-1E60169CBD38}.Debug|x86.ActiveCfg = Debug|Win32
		{0D21BC2D-B61D-42EA-AA89-1E60169CBD38}.Debug|x86.Build.0 = Debug|Win32
		{0D21BC2D-B61D-42EA-AA89-1E60169CBD38}.Release|x64.ActiveCfg = Release|x64
		{0D21BC2D-B61D-42EA-AA89-1E60169CBD38}.Release|x64.Build.0 = Release|x64
		{0D21BC2D-B61D-42EA-AA89-1E60169CBD38}.Release|x86.ActiveCfg = Release|Win32
		{0D21BC2D-B61D-42EA-AA89-1E60169CBD38}.Release|x86.Build.0 = Release|Win32
		{830742BD-0928-43C1-AA91-120325614C72}.Debug|x64.ActiveCfg = Debug|x64
		{830742BD-0928-43C1-AA91-120325614C72}.Debug|x64.Build.0 = Debug|x64
		{830742BD-0928-43C1-AA91-120325614C72}.Debug|x86.ActiveCfg = Debug|Win32
		{830742BD-0928-43C1-AA91-120325614C72}.Debug|x86.Build.0 = Debug|Win32
		{830742BD-0928-43C1-AA91-120325614C72}.Release|x64.ActiveCfg = Release|x64
		{830742BD-0928-43C1-AA91-120325614C72}.Release|x64.Build.0 = Release|x64
		{830742BD-0928-43C1-AA91-120325614C72}.Release|x86.ActiveCfg = Release|Win32
		{830742BD-0928-43C1-AA91-120325614C72}.Release|x86.Build.0 = Release|Win32
		{8930603F-C1D1-43F7-9A98-57942DC3EEA9}.Debug|x64.ActiveCfg = Debug|x64
		{8930603F-C1D1-43F7-9A98-57942DC3EEA9}.Debug|x64.Build.0 = Debug|x64
		{8930603F-C1D1-43F7-9A98-57942DC3EEA9}.Debug|x86.ActiveCfg = Debug|Win32
		{8930603F-C1D1-43F7-9A98-57942DC3EEA9}.Debug|x86.Build.0 = Debug|Win32
		{8930603F-C1D1-43F7-9A98-57942DC3EEA9}.Release|x64.ActiveCfg = Release|x64
		{8930603F-C1D1-43F7-9A98-57942DC3EEA9}.Release|x64.Build.0 = Release|x64
		{8930603F-C1D1-43F7-9A98-57942DC3EEA9}.Release|x86.ActiveCfg = Release|Win32
		{8930603F-C1D1-43F7-9A98-57942DC3EEA9}.Release|x86.Build.0 = Release|Win32
		{6F82FDC4-64DC-4900-92C9-74BD4B6DE917}.Debug|x64.ActiveCfg = Debug|x64
		{6F82FDC4-64DC-4900-92C9-74BD4B6DE917}.Debug|x64.Build.0 = Debug|x64
		{6F82FDC4-64DC-4900-92C9-74BD4B6DE917}.Debug|x86.ActiveCfg = Debug|Win32
		{6F82FDC4-64DC-4900-92C9-74BD4B6DE917}.Debug|x86.Build.0 = Debug|Win32
		{6F82FDC4-64DC-4900-92C9-74BD4B6DE917}.Release|x64.ActiveCfg = Release|x64
		{6F82FDC4-64DC-4900-92C9-74BD4B6DE917}.Release|x64.Build.0 = Release|x64
		{6F82FDC4-64DC-4900-92C9-74BD4B6DE917}.Release|x86.ActiveCfg = Release|Win32
		{6F82FDC4-64DC-4900-92C9-74BD4B6DE917}.Release|x86.Build.0 = Release|Win32
		{0BA465FE-669A-4B27-A416-A0DBAD393734}.Debug|x64.ActiveCfg = Debug|x64
		{0BA465FE-669A-4B27-A416-A0DBAD393734}.Debug|x64.Build.0 = Debug|x64
		{0BA465FE-669A-4B27-A416-A0DBAD393734}.Debug|x86.ActiveCfg = Debug|Win32
		{0BA465FE-669A-4B27-A416-A0DBAD393734}.Debug|x86.Build.0 = Debug|Win32
		{0BA465FE-669A-4B27-A416-A0DBAD393734}.Release|x64.ActiveCfg = Release|x64
		{0BA465FE-669A-4B27-A416-A0DBAD393734}.Release|x64.Build.0 = Release|x64
		{0BA465FE-669A-4B27-A416-A0DBAD393734}.Release|x86.ActiveCfg = Release|Win32
		{0BA465FE-669A-4B27-A416-A0DBAD393734}.Release|x86.Build.0 = Release|Win32
		{C24AC6E2-88A5-4D8E-BFD1-E2B3A3BF589A}.Debug|x64.ActiveCfg = Debug|x64
		{C24AC6E2-88A5-4D8E-BFD1-E2B3A3BF589A}.Debug|x64.Build.0 = Debug|x64
		{C24AC6E2-88A5-4D8E-BFD1-E2B3A3BF589A}.Debug|x86.ActiveCfg = Debug|Win32
		{C24AC6E2-88A5-4D8E-BFD1-E2B3A3BF589A}.Debug|x86.Build.0 = Debug|Win32
		{C24AC6E2-88A5-4D8E-BFD1-E2B3A3BF589A}.Release|x64.ActiveCfg = Release|x64
		{C24AC6E2-88A5-4D8E-BFD1-E2B3A3BF589A}.Release|x64.Build.0 = Release|x64
		{C24AC6E2-88A5-4D8E-BFD1-E2B3A3BF589A}.Release|x86.ActiveCfg = Release|Win32
		{C24AC6E2-88A5-4D8E-BFD1-E2B3A3BF589A}.Release|x86.Build.0 = Release|Win32
		{1297EAC0-8DE4-4042-BD32-4168FD0D5E08}.Debug|x64.ActiveCfg = Debug|x64
		{1297EAC0-8DE4-4042-BD32-4168FD0D5E08}.Debug|x64.Build.0 = Debug|x64
		{1297EAC0-8DE4-4042-BD32-4168FD0D5E08}.Debug|x86.ActiveCfg = Debug|Win32
		{1297EAC0-8DE4-4042-BD32-4168FD0D5E08}.Debug|x86.Build.0 = Debug|Win32
		{1297EAC0-8DE4-4042-BD32-4168FD0D5E08}.Release|x64.ActiveCfg = Release|x64
		{1297EAC0-8DE4-4042-BD32-4168FD0D5E08}.Release|x64.Build.0 = Release|x64
		{1297EAC0-8DE4-4042-BD32-4168FD0D5E08}.Release|x86.ActiveCfg = Release|Win32
		{1297EAC0-8DE4-4042-BD32-4168FD0D5E08}.Release|x86.Build.0 = Release|Win32
		{77907F9B-1F5A-45AD-998F-F1DDEFA740FF}.Debug|x64.ActiveCfg = Debug|x64
		{77907F9B-1F5A-45AD-998F-F1DDEFA740FF}.Debug|x64.Build.0 = Debug|x64
		{77907F9B-1F5A-45AD-998F-F1DDEFA740FF}.Debug|x86.ActiveCfg = Debug|Win32
		{77907F9B-1F5A-45AD-998F-F1DDEFA740FF}.Debug|x86.Build.0 = Debug|Win32
		{77907F9B-1F5A-45AD-998F-F1DDEFA740FF}.Release|x64.ActiveCfg = Release|x64
		{77907F9B-1F5A-45AD-998F-F1DDEFA740FF}.Release|x64.Build.0 = Release|x64
		{77907F9B-1F5A-45AD-998F-F1DDEFA740FF}.Release|x86.ActiveCfg = Release|Win32
		{77907F9B-1F5A-45AD-998F-F1DDEFA740FF}.Release|x86.Build.0 = Release|Win32
		{58DA5ED9-9E9E-4F23-93CA-F76BCFCD0798}.Debug|x64.ActiveCfg = Debug|x64
		{58DA5ED9-9E9E-4F23-93CA-F76BCFCD0798}.Debug|x64.Build.0 = Debug|x64
		{58DA5ED9-9E9E-4F23-93CA-F76BCFCD0798}.Debug|x86.ActiveCfg = Debug|Win32
		{58DA5ED9-9E9E-4F23-93CA-F76BCFCD0798}.Debug|x86.Build.0 = Debug|Win32
		{58DA5ED9-9E9E-4F23-93CA-F76BCFCD0798}.Release|x64.ActiveCfg = Release|x64
		{58DA5ED9-9E9E-4F23-93CA-F76BCFCD0798}.Release|x64.Build.0 = Release|x64
		{58DA5ED9-9E9E-4F23-93CA-F76BCFCD0798}.Release|x86.ActiveCfg = Release|Win32
		{58DA5ED9-9E9E-4F23-93CA-F76BCFCD0798}.Release|x86.Build.0 = Release|Win32
		{18AC3340-1EA6-4332-BB6B-3425E68D60F2}.Debug|x64.ActiveCfg = Debug|x64
		{18AC3340-1EA6-4332-BB6B-3425E68D60F2}.Debug|x64.Build.0 = Debug|x64
		{18AC3340-1EA6-4332-BB6B-3425E68D60F2}.Debug|x86.ActiveCfg = Debug|Win32
		{18AC3340-1EA6-4332-BB6B-3425E68D60F2}.Debug|x86.Build.0 = Debug|Win32
		{18AC3340-1EA6-4332-BB6B-3425E68D60F2}.Release|x64.ActiveCfg = Release|x64
		{18AC3340-1EA6-4332-BB6B-3425E68D60F2}.Release|x64.Build.0 = Release|x64
		{18AC3340-1EA6-4332-BB6B-3425E68D60F2}.Release|x86.ActiveCfg = Release|Win32
		{18AC3340-1EA6-4332-BB6B-3425E68D60F2}.Release|x86.Build.0 = Release|Win32
		{D5B79F34-C72A-49D1-AD43-CF43895AB030}.Debug|x64.ActiveCfg = Debug|x64
		{D5B79F34-C72A-49D1-AD43-CF43895AB030}.Debug|x64.Build.0 = Debug|x64
		{D5B79F34-C72A-49D1-AD43-CF43895AB030}.Debug|x86.ActiveCfg = Debug|Win32
		{D5B79F34-C72A-49D1-AD43-CF43895AB030}.Debug|x86.Build.0 = Debug|Win32
		{D5B79F34-C72A-49D1-AD43-CF43895AB030}.Release|x64.ActiveCfg = Release|x64
		{D5B79F34-C72A-49D1-AD43-CF43895AB030}.Release|x64.Build.0 = Release|x64
		{D5B79F34-C72A-49D1-AD43-CF43895AB030}.Release|x86.ActiveCfg = Release|Win32
		{D5B79F34-C72A-49D1-AD43-CF43895AB030}.Release|x86.Build.0 = Release|Win32
		{94FE338D-B170-4AA2-AB99-CAE67881B194}.Debug|x64.ActiveCfg = Debug|x64
		{94FE338D-B170-4AA2-AB99-CAE67881B194}.Debug|x64.Build.0 = Debug|x64
		{94FE338D-B170-4AA2-AB99-CAE67881B194}.Debug|x86.ActiveCfg = Debug|Win32
		{94FE338D-B170-4AA2-AB99-CAE67881B194}.Debug|x86.Build.0 = Debug|Win32
		{94FE338D-B170-4AA2-AB99-CAE67881B194}.Release|x64.ActiveCfg = Release|x64
		{94FE338D-B170-4AA2-AB99-CAE67881B194}.Release|x64.Build.0 = Release|x64
		{94FE338D-B170-4AA2-AB99-CAE67881B194}.Release|x86.ActiveCfg = Release|Win32
		{94FE338D-B170-4AA2-AB99-CAE67881B194}.Release|x86.Build.0 = Release|Win32
		{3B8F38AF-C83F-470F-8093-B08D4EBE7BB2}.Debug|x64.ActiveCfg = Debug|x64
		{3B8F38AF-C83F-470F-8093-B08D4EBE7BB2}.Debug|x64.Build.0 = Debug|x64
		{3B8F38AF-C83F-470F-8093-B08D4EBE7BB2}.Debug|x86.ActiveCfg = Debug|Win32
		{3B8F38AF-C83F-470F-8093-B08D4EBE7BB2}.Debug|x86.Build.0 = Debug|Win32
		{3B8F38AF-C83F-470F-8093-B08D4EBE7BB2}.Release|x64.ActiveCfg = Release|x64
		{3B8F38AF-C83F-470F-8093-B08D4EBE7BB2}.Release|x64.Build.0 = Release|x64
		{3B8F38AF-C83F-470F-8093-B08D4EBE7BB2}.Release|x86.ActiveCfg = Release|Win32
		{3B8F38AF-C83F-470F-8093-B08D4EBE7BB2}.Release|x86.Build.0 = Release|Win32
		{C916B9AC-E91E-4DB9-9CD0-D886A1900189}.Debug|x64.ActiveCfg = Debug|x64
		{C916B9AC-E91E-4DB9-9CD0-D886A1900189}.Debug|x64.Build.0 = Debug|x64
		{C916B9AC-E91E-4DB9-9CD0-D886A1900189}.Debug|x86.ActiveCfg = Debug|Win32
		{C916B9AC-E91E-4DB9-9CD0-D886A1900189}.Debug|x86.Build.0 = Debug|Win32
		{C916B9AC-E91E-4DB9-9CD0-D886A1900189}.Release|x64.ActiveCfg = Release|x64
		{C916B9AC-E91E-4DB9-9CD0-D886A1900189}.Release|x64.Build.0 = Release|x64
		{C916B9AC-E91E-4DB9-9CD0-D886A1900189}.Release|x86.ActiveCfg = Release|Win32
		{C916B9AC-E91E-4DB9-9CD0-D886A1900189}.Release|x86.Build.0 = Release|Win32
		{045B4F09-B012-41AC-8052-63D967D1C13F}.Debug|x64.ActiveCfg = Debug|x64
		{045B4F09-B012-41AC-8052-63D967D1C13F}.Debug|x64.Build.0 = Debug|x64
		{045B4F09-B012-41AC-8052-63D967D1C13F}.Debug|x86.ActiveCfg = Debug|Win32
		{045B4F09-B012-41AC-8052-63D967D1C13F}.Debug|x86.Build.0 = Debug|Win32
		{045B4F09-B012-41AC-8052-63D967D1C13F}.Release|x64.ActiveCfg = Release|x64
		{045B4F09-B012-41AC-8052-63D967D1C13F}.Release|x64.Build.0 = Release|x64
		{045B4F09-B012-41AC-8052-63D967D1C13F}.Release|x86.ActiveCfg = Release|Win32
		{045B4F09-B012-41AC-8052-63D967D1C13F}.Release|x86.Build.0 = Release|Win32
		{93A80ABC-2C9E-4AC7-AED6-65B051EE4124}.Debug|x64.ActiveCfg = Debug|x64
		{93A80ABC-2C9E-4AC7-AED6-65B051EE4124}.Debug|x64.Build.0 = Debug|x64
		{93A80ABC-2C9E-4AC7-AED6-65B051EE4124}.Debug|x86.ActiveCfg = Debug|Win32
		{93A80ABC-2C9E-4AC7-AED6-65B051EE4124}.Debug|x86.Build.0 = Debug|Win32
		{93A80ABC-2C9E-4AC7-AED6-65B051EE4124}.Release|x64.ActiveCfg = Release|x64
		{93A80ABC-2C9E-4AC7-AED6-65B051EE4124}.Release|x64.Build.0 = Release|x64
		{93A80ABC-2C9E-4AC7-AED6-65B051EE4124}.Release|x86.ActiveCfg = Release|Win32
		{93A80ABC-2C9E-4AC7-AED6-65B051EE4124}.Release|x86.Build.0 = Release|Win32
		{BE8E5AFA-52CD-4C52-8620-804DAD50A428}.Debug|x64.ActiveCfg = Debug|x64
		{BE8E5AFA-52CD-4C52-8620-804DAD50A428}.Debug|x64.Build.0 = Debug|x64
		{BE8E5AFA-52CD-4C52-8620-804DAD50A428}.Debug|x86.ActiveCfg = Debug|Win32
		{BE8E5AFA-52CD-4C52-8620-804DAD50A428}.Debug|x86.Build.0 = Debug|Win32
		{BE8E5AFA-52CD-4C52-8620-804DAD50A428}.Release|x64.ActiveCfg = Release|x64
		{BE8E5AFA-52CD-4C52-8620-804DAD50A428}.Release|x64.Build.0 = Release|x64
		{BE8E5AFA-52CD-4C52-8620-804DAD50A428}.Release|x86.ActiveCfg = Release|Win32
		{BE8E5AFA-52CD-4C52-8620-804DAD50A428}.Release|x86.Build.0 = Release|Win32
		{D03071F1-0116-4815-83FE-3815D63BE849}.Debug|x64.ActiveCfg = Debug|x64
		{D03071F1-0116-4815-83FE-3815D63BE849}.Debug|x64.Build.0 = Debug|x64
		{D03071F1-0116-4815-83FE-3815D63BE849}.Debug|x86.ActiveCfg = Debug|Win32
		{D03071F1-0116-4815-83FE-3815D63BE849}.Debug|x86.Build.0 = Debug|Win32
		{D03071F1-0116-4815-83FE-3815D63BE849}.Release|x64.ActiveCfg = Release|x64
		{D03071F1-0116-4815-83FE-3815D63BE849}.Release|x64.Build.0 = Release|x64
		{D03071F1-0116-4815-83FE-3815D63BE849}.Release|x86.ActiveCfg = Release|Win32
		{D03071F1-0116-4815-83FE-3815D63BE849}.Release|x86.Build.0 = Release|Win32
		{DED8B4D3-13C7-4D35-9F71-05A7793849BD}.Debug|x64.ActiveCfg = Debug|x64
		{DED8B4D3-13C7-4D35-9F71-05A7793849BD}.Debug|x64.Build.0 = Debug|x64
		{DED8B4D3-13C7-4D35-9F71-05A7793849BD}.Debug|x86.ActiveCfg = Debug|Win32
		{DED8B4D3-13C7-4D35-9F71-05A7793849BD}.Debug|x86.Build.0 = Debug|Win32
		{DED8B4D3-13C7-4D35-9F71-05A7793849BD}.Release|x64.ActiveCfg = Release|x64
		{DED8B4D3-13C7-4D35-9F71-05A7793849BD}.Release|x64.Build.0 = Release|x64
		{DED8B4D3-13C7-4D35-9F71-05A7793849BD}.Release|x86.ActiveCfg = Release|Win32
		{DED8B4D3-13C7-4D35-9F71-05A7793849BD}.Release|x86.Build.0 = Release|Win32
		{06B92B6F-F381-46A6-979A-5FA03AD8F5A6}.Debug|x64.ActiveCfg = Debug|x64
		{06B92B6F-F381-46A6-979A-5FA03AD8F5A6}.Debug|x64.Build.0 = Debug|x64
		{06B92B6F-F381-46A6-979A-5FA03AD8F5A6}.Debug|x86.ActiveCfg = Debug|Win32
		{06B92B6F-F381-46A6-979A-5FA03AD8F5A6}.Debug|x86.Build.0 = Debug|Win32
		{06B92B6F-F381-46A6-979A-5FA03AD8F5A6}.Release|x64.ActiveCfg = Release|x64
		{06B92B6F-F381-46A6-979A-5FA03AD8F5A6}.Release|x64.Build.0 = Release|x64
		{06B92B6F-F381-46A6-979A-5FA03AD8F5A6}.Release|x86.ActiveCfg = Release|Win32
		{06B92B6F-F381-46A6-979A-5FA03AD8F5A6}.Release|x86.Build.0 = Release|Win32
		{8FB01AFE-DCE2-45DC-9D18-20972CC2306D}.Debug|x64.ActiveCfg = Debug|x64
		{8FB01AFE-DCE2-45DC-9D18-20972CC2306D}.Debug|x64.Build.0 = Debug|x64
		{8FB01AFE-DCE2-45DC-9D18-20972CC2306D}.Debug|x86.ActiveCfg = Debug|Win32
		{8FB01AFE-DCE2-45DC-9D18-20972CC2306D}.Debug|x86.Build.0 = Debug|Win32
		{8FB01AFE-DCE2-45DC-9D18-20972CC2306D}.Release|x64.ActiveCfg = Release|x64
		{8FB01AFE-DCE2-45DC-9D18-20972CC2306D}.Release|x64.Build.0 = Release|x64
		{8FB01AFE-DCE2-45DC-9D18-20972CC2306D}.Release|x86.ActiveCfg = Release|Win32
		{8FB01AFE-DCE2-45DC-9D18-20972CC2306D}.Release|x86.Build.0 = Release|Win32
		{E7CDDBB9-E770-4CA4-8A48-83C1C9039DCB}.Debug|x64.ActiveCfg = Debug|x64
		{E7CDDBB9-E770-4CA4-8A48-83C1C9039DCB}.Debug|x64.Build.0 = Debug|x64
		{E7CDDBB9-E770-4CA4-8A48-83C1C9039DCB}.Debug|x86.ActiveCfg = Debug|Win32
		{E7CDDBB9-E770-4CA4-8A48-83C1C9039DCB}.Debug|x86.Build.0 = Debug|Win32
		{E7CDDBB9-E770-4CA4-8A48-83C1C9039DCB}.Release|x64.ActiveCfg = Release|x64
		{E7CDDBB9-E770-4CA4-8A48-83C1C9039DCB}.Release|x64.Build.0 = Release|x64
		{E7CDDBB9-E770-4CA4-8A48-83C1C9039DCB}.Release|x86.ActiveCfg = Release|Win32
		{E7CDDBB9-E770-4CA4-8A48-83C1C9039DCB}.Release|x86.Build.0 = Release|Win32
		{9DBC9439-4507-4B8F-978C-DC540CCCFB86}.Debug|x64.ActiveCfg = Debug|x64
		{9DBC9439-4507-4B8F-978C-DC540CCCFB86}.Debug|x64.Build.0 = Debug|x64
		{9DBC9439-4507-4B8F-978C-DC540CCCFB86}.Debug|x86.ActiveCfg = Debug|Win32
		{9DBC9439-4507-4B8F-978C-DC540CCCFB86}.Debug|x86.Build.0 = Debug|Win32
		{9DBC9439-4507-4B8F-978C-DC540CCCFB86}.Release|x64.ActiveCfg = Release|x64
		{9DBC9439-4507-4B8F-978C-DC540CCCFB86}.Release|x64.Build.0 = Release|x64
		{9DBC9439-4507-4B8F-978C-DC540CCCFB86}.Release|x86.ActiveCfg = Release|Win32
		{9DBC9439-4507-4B8F-978C-DC540CCCFB86}.Release|x86.Build.0 = Release|Win32
		{2227E47D-01A2-49C0-8742-71221E5D8573}.Debug|x64.ActiveCfg = Debug|x64
		{2227E47D-01A2-49C0-8742-71221E5D8573}.Debug|x64.Build.0 = Debug|x64
		{2227E47D-01A2-49C0-8742-71221E5D8573}.Debug|x86.ActiveCfg = Debug|Win32
		{2227E47D-01A2-49C0-8742-71221E5D8573}.Debug|x86.Build.0 = Debug|Win32
		{2227E47D-01A2-49C0-8742-71221E5D8573}.Release|x64.ActiveCfg = Release|x64
		{2227E47D-01A2-49C0-8742-71221E5D8573}.Release|x64.Build.0 = Release|x64
		{2227E47D-01A2-49C0-8742-71221E5D8573}.Release|x86.ActiveCfg = Release|Win32
		{2227E47D-01A2-49C0-8742-71221E5D8573}.Release|x86.Build.0 = Release|Win32
		{62BAAB0E-EFD0-47C3-879C-58775A6E4C9C}.Debug|x64.ActiveCfg = Debug|x64
		{62BAAB0E-EFD0-47C3-879C-58775A6E4C9C}.Debug|x64.Build.0 = Debug|x64
		{62BAAB0E-EFD0-47C3-879C-58775A6E4C9C}.Debug|x86.ActiveCfg = Debug|Win32
		{62BAAB0E-EFD0-47C3-879C-58775A6E4C9C}.Debug|x86.Build.0 = Debug|Win32
		{62BAAB0E-EFD0-47C3-879C-58775A6E4C9C}.Release|x64.ActiveCfg = Release|x64
		{62BAAB0E-EFD0-47C3-879C-58775A6E4C9C}.Release|x64.Build.0 = Release|x64
		{62BAAB0E-EFD0-47C3-879C-58775A6E4C9C}.Release|x86.ActiveCfg = Release|Win32
		{62BAAB0E-EFD0-47C3-879C-58775A6E4C9C}.Release|x86.Build.0 = Release|Win32
		{A8350C3F-3A3C-406B-AAB8-2BF47B7A5145}.Debug|x64.ActiveCfg = Debug|x64
		{A8350C3F-3A3C-406B-AAB8-2BF47B7A5145}.Debug|x64.Build.0 = Debug|x64
		{A8350C3F-3A3C-406B-AAB8-2BF47B7A5145}.Debug|x86.ActiveCfg = Debug|Win32
		{A8350C3F-3A3C-406B-AAB8-2BF47B7A5145}.Debug|x86.Build.0 = Debug|Win32
		{A8350C3F-3A3C-406B-AAB8-2BF47B7A5145}.Release|x64.ActiveCfg = Release|x64
		{A8350C3F-3A3C-406B-AAB8-2BF47B7A5145}.Release|x64.Build.0 = Release|x64
		{A8350C3F-3A3C-406B-AAB8-2BF47B7A5145}.Release|x86.ActiveCfg = Release|Win32
		{A8350C3F-3A3C-406B-AAB8-2BF47B7A5145}.Release|x86.Build.0 = Release|Win32
		{2C9A2F78-8BCC-432E-9421-7B8EC4827101}.Debug|x64.ActiveCfg = Debug|x64
		{2C9A2F78-8BCC-432E-9421-7B8EC4827101}.Debug|x64.Build.0 = Debug|x64
		{2C9A2F78-8BCC-432E-9421-7B8EC4827101}.Debug|x86.ActiveCfg = Debug|Win32
		{2C9A2F78-8BCC-432E-9421-7B8EC4827101}.Debug|x86.Build.0 = Debug|Win32
		{2C9A2F78-8BCC-432E-9421-7B8EC4827101}.Release|x64.ActiveCfg = Release|x64
		{2C9A2F78-8BCC-432E-9421-7B8EC4827101}.Release|x64.Build.0 = Release|x64
		{2C9A2F78-8BCC-432E-9421-7B8EC4827101}.Release|x86.ActiveCfg = Release|Win32
		{2C9A2F78-8BCC-432E-9421-7B8EC4827101}.Release|x86.Build.0 = Release|Win32
		{81792394-7302-4785-B620-5484B9916612}.Debug|x64.ActiveCfg = Debug|x64
		{81792394-7302-4785-B620-5484B9916612}.Debug|x64.Build.0 = Debug|x64
		{81792394-7302-4785-B620-5484B9916612}.Debug|x86.ActiveCfg = Debug|Win32
		{81792394-7302-4785-B620-5484B9916612}.Debug|x86.Build.0 = Debug|Win32
		{81792394-7302-4785-B620-5484B9916612}.Release|x64.ActiveCfg = Release|x64
		{81792394-7302-4785-B620-5484B9916612}.Release|x64.Build.0 = Release|x64
		{81792394-7302-4785-B620-5484B9916612}.Release|x86.ActiveCfg = Release|Win32
		{81792394-7302-4785-B620-5484B9916612}.Release|x86.Build.0 = Release|Win32
		{6EA3658D-0337-4A41-868E-F73132992F5A}.Debug|x64.ActiveCfg = Debug|x64
		{6EA3658D-0337-4A41-868E-F73132992F5A}.Debug|x64.Build.0 = Debug|x64
		{6EA3658D-0337-4A41-868E-F73132992F5A}.Debug|x86.ActiveCfg = Debug|Win32
		{6EA3658D-0337-4A41-868E-F73132992F5A}.Debug|x86.Build.0 = Debug|Win32
		{6EA3658D-0337-4A41-868E-F73132992F5A}.Release|x64.ActiveCfg = Release|x64
		{6EA3658D-0337-4A41-868E-F73132992F5A}.Release|x64.Build.0 = Release|x64
		{6EA3658D-0337-4A41-868E-F73132992F5A}.Release|x86.ActiveCfg = Release|Win32
		{6EA3658D-0337-4A41-868E-F73132992F5A}.Release|x86.Build.0 = Release|Win32
	EndGlobalSection
	GlobalSection(SolutionProperties) = preSolution
		HideSolutionNode = FALSE
	EndGlobalSection
	GlobalSection(NestedProjects) = preSolution
		{795A6373-F985-4C9A-B84D-30984B02B24B} = {09709505-2876-41CD-A3F3-7EAFC7E743EA}
		{C3330A9B-CA9B-44DA-8AD2-405298936CFC} = {09709505-2876-41CD-A3F3-7EAFC7E743EA}
		{8FF1A5CB-DF71-450E-8927-1FC49F69C38F} = {09709505-2876-41CD-A3F3-7EAFC7E743EA}
		{146246AD-9879-47B3-9930-9DC058F90293} = {09709505-2876-41CD-A3F3-7EAFC7E743EA}
		{558B4543-9081-4CCC-A455-A25E12ED6B94} = {09709505-2876-41CD-A3F3-7EAFC7E743EA}
		{5364AE4F-0889-47CA-ADFF-68777CC620EB} = {09709505-2876-41CD-A3F3-7EAFC7E743EA}
		{48674A74-0475-4031-A9A3-200CE75BDC66} = {2117E449-1844-41F0-A0E5-14F5380F67F8}
		{E6ED4D39-4FC2-4855-83C9-CF2D2815EE4E} = {2117E449-1844-41F0-A0E5-14F5380F67F8}
		{0D21BC2D-B61D-42EA-AA89-1E60169CBD38} = {2117E449-1844-41F0-A0E5-14F5380F67F8}
		{830742BD-0928-43C1-AA91-120325614C72} = {2117E449-1844-41F0-A0E5-14F5380F67F8}
		{8930603F-C1D1-43F7-9A98-57942DC3EEA9} = {2117E449-1844-41F0-A0E5-14F5380F67F8}
		{6F82FDC4-64DC-4900-92C9-74BD4B6DE917} = {2117E449-1844-41F0-A0E5-14F5380F67F8}
		{0BA465FE-669A-4B27-A416-A0DBAD393734} = {2117E449-1844-41F0-A0E5-14F5380F67F8}
		{C24AC6E2-88A5-4D8E-BFD1-E2B3A3BF589A} = {2117E449-1844-41F0-A0E5-14F5380F67F8}
		{1297EAC0-8DE4-4042-BD32-4168FD0D5E08} = {2117E449-1844-41F0-A0E5-14F5380F67F8}
		{77907F9B-1F5A-45AD-998F-F1DDEFA740FF} = {2117E449-1844-41F0-A0E5-14F5380F67F8}
		{58DA5ED9-9E9E-4F23-93CA-F76BCFCD0798} = {2117E449-1844-41F0-A0E5-14F5380F67F8}
		{18AC3340-1EA6-4332-BB6B-3425E68D60F2} = {2117E449-1844-41F0-A0E5-14F5380F67F8}
		{D5B79F34-C72A-49D1-AD43-CF43895AB030} = {D0434526-4E93-491F-8A6F-0337BFBFD9C0}
		{94FE338D-B170-4AA2-AB99-CAE67881B194} = {D0434526-4E93-491F-8A6F-0337BFBFD9C0}
		{3B8F38AF-C83F-470F-8093-B08D4EBE7BB2} = {D0434526-4E93-491F-8A6F-0337BFBFD9C0}
		{C916B9AC-E91E-4DB9-9CD0-D886A1900189} = {D0434526-4E93-491F-8A6F-0337BFBFD9C0}
		{045B4F09-B012-41AC-8052-63D967D1C13F} = {D0434526-4E93-491F-8A6F-0337BFBFD9C0}
		{93A80ABC-2C9E-4AC7-AED6-65B051EE4124} = {D0434526-4E93-491F-8A6F-0337BFBFD9C0}
		{BE8E5AFA-52CD-4C52-8620-804DAD50A428} = {D0434526-4E93-491F-8A6F-0337BFBFD9C0}
		{D03071F1-0116-4815-83FE-3815D63BE849} = {D0434526-4E93-491F-8A6F-0337BFBFD9C0}
		{DED8B4D3-13C7-4D35-9F71-05A7793849BD} = {A3F3A21F-7DBE-478E-A91C-75BADE33C752}
		{06B92B6F-F381-46A6-979A-5FA03AD8F5A6} = {A3F3A21F-7DBE-478E-A91C-75BADE33C752}
		{8FB01AFE-DCE2-45DC-9D18-20972CC2306D} = {A3F3A21F-7DBE-478E-A91C-75BADE33C752}
		{E7CDDBB9-E770-4CA4-8A48-83C1C9039DCB} = {A3F3A21F-7DBE-478E-A91C-75BADE33C752}
		{9DBC9439-4507-4B8F-978C-DC540CCCFB86} = {A3F3A21F-7DBE-478E-A91C-75BADE33C752}
		{2227E47D-01A2-49C0-8742-71221E5D8573} = {A3F3A21F-7DBE-478E-A91C-75BADE33C752}
		{62BAAB0E-EFD0-47C3-879C-58775A6E4C9C} = {A3F3A21F-7DBE-478E-A91C-75BADE33C752}
		{A8350C3F-3A3C-406B-AAB8-2BF47B7A5145} = {A3F3A21F-7DBE-478E-A91C-75BADE33C752}
		{2C9A2F78-8BCC-432E-9421-7B8EC4827101} = {A3F3A21F-7DBE-478E-A91C-75BADE33C752}
		{81792394-7302-4785-B620-5484B9916612} = {A3F3A21F-7DBE-478E-A91C-75BADE33C752}
		{6EA3658D-0337-4A41-868E-F73132992F5A} = {A3F3A21F-7DBE-478E-A91C-75BADE33C752}
	EndGlobalSection
	GlobalSection(ExtensibilityGlobals) = postSolution
		SolutionGuid = {77E328F7-4F28-44B2-A2B0-BAECDF53499A}
	EndGlobalSection
EndGlobal
